<?xml version="1.0" encoding="utf-8"?>
<Project ToolsVersion="17.0" xmlns="http://schemas.microsoft.com/developer/msbuild/2003">
  <ItemGroup>
    <ClCompile Include="E:\Github Project\Virtual-Vehicle-OS\tests\interconnect\interconnect_backpressure_test.cpp">
      <Filter>Source Files</Filter>
    </ClCompile>
  </ItemGroup>
  <ItemGroup>
    <CustomBuild Include="E:\Github Project\Virtual-Vehicle-OS\CMakeLists.txt" />
  </ItemGroup>
  <ItemGroup>
    <Filter Include="Source Files">
      <UniqueIdentifier>{B934B663-C4E0-37FD-8AE4-7BBD392087CD}</UniqueIdentifier>
    </Filter>
  </ItemGroup>
</Project>
