
Microsoft Visual Studio Solution File, Format Version 12.00
# Visual Studio Version 17
Project("{8BC9CEB8-8B4A-11D0-8D11-00A0C91BC942}") = "ALL_BUILD", "ALL_BUILD.vcxproj", "{0D6FD4BB-1C13-3EB7-93CB-728ECE59A0BA}"
	ProjectSection(ProjectDependencies) = postProject
		{0409147C-4025-3925-A3A3-5DDBB104E7F2} = {0409147C-4025-3925-A3A3-5DDBB104E7F2}
		{45D3C931-F9A6-3AF5-8292-D378DDB5FE08} = {45D3C931-F9A6-3AF5-8292-D378DDB5FE08}
		{02B8D119-60A9-3570-808B-310D5BEEDFB1} = {02B8D119-60A9-3570-808B-310D5BEEDFB1}
		{3CD18C90-99E0-3344-89FD-474A7BF40960} = {3CD18C90-99E0-3344-89FD-474A7BF40960}
		{0268033D-643E-3AC6-90BF-2D3E6F36134C} = {0268033D-643E-3AC6-90BF-2D3E6F36134C}
		{3D35EDD0-C8B7-3875-9FEF-365911DDF680} = {3D35EDD0-C8B7-3875-9FEF-365911DDF680}
		{54AF01F2-53BE-3B03-BDE1-45E66040F047} = {54AF01F2-53BE-3B03-BDE1-45E66040F047}
		{8A90DE82-FDA5-3D5C-A33C-80A8C17CE083} = {8A90DE82-FDA5-3D5C-A33C-80A8C17CE083}
		{A9DBAAA4-1893-376D-B379-687C8E63C1E6} = {A9DBAAA4-1893-376D-B379-687C8E63C1E6}
		{542ED792-8A83-38B1-8F44-8B35FF945317} = {542ED792-8A83-38B1-8F44-8B35FF945317}
		{7C09A4B8-1A22-34F7-8CEC-488E5C74C2D2} = {7C09A4B8-1A22-34F7-8CEC-488E5C74C2D2}
		{D1027622-FB12-36BF-B1BD-0876F86A3E47} = {D1027622-FB12-36BF-B1BD-0876F86A3E47}
		{FC42FB62-D419-31BD-B879-A9F1FACCF3A9} = {FC42FB62-D419-31BD-B879-A9F1FACCF3A9}
	EndProjectSection
EndProject
Project("{8BC9CEB8-8B4A-11D0-8D11-00A0C91BC942}") = "RUN_TESTS", "RUN_TESTS.vcxproj", "{C640AD31-2D55-3319-9066-F0BA09F85D98}"
	ProjectSection(ProjectDependencies) = postProject
		{0409147C-4025-3925-A3A3-5DDBB104E7F2} = {0409147C-4025-3925-A3A3-5DDBB104E7F2}
	EndProjectSection
EndProject
Project("{8BC9CEB8-8B4A-11D0-8D11-00A0C91BC942}") = "ZERO_CHECK", "ZERO_CHECK.vcxproj", "{0409147C-4025-3925-A3A3-5DDBB104E7F2}"
	ProjectSection(ProjectDependencies) = postProject
	EndProjectSection
EndProject
Project("{8BC9CEB8-8B4A-11D0-8D11-00A0C91BC942}") = "commonsvc_log", "commonsvc_log.vcxproj", "{45D3C931-F9A6-3AF5-8292-D378DDB5FE08}"
	ProjectSection(ProjectDependencies) = postProject
		{0409147C-4025-3925-A3A3-5DDBB104E7F2} = {0409147C-4025-3925-A3A3-5DDBB104E7F2}
		{FC42FB62-D419-31BD-B879-A9F1FACCF3A9} = {FC42FB62-D419-31BD-B879-A9F1FACCF3A9}
	EndProjectSection
EndProject
Project("{8BC9CEB8-8B4A-11D0-8D11-00A0C91BC942}") = "interconnect_backpressure_test", "interconnect_backpressure_test.vcxproj", "{02B8D119-60A9-3570-808B-310D5BEEDFB1}"
	ProjectSection(ProjectDependencies) = postProject
		{0409147C-4025-3925-A3A3-5DDBB104E7F2} = {0409147C-4025-3925-A3A3-5DDBB104E7F2}
		{45D3C931-F9A6-3AF5-8292-D378DDB5FE08} = {45D3C931-F9A6-3AF5-8292-D378DDB5FE08}
		{D1027622-FB12-36BF-B1BD-0876F86A3E47} = {D1027622-FB12-36BF-B1BD-0876F86A3E47}
		{FC42FB62-D419-31BD-B879-A9F1FACCF3A9} = {FC42FB62-D419-31BD-B879-A9F1FACCF3A9}
	EndProjectSection
EndProject
Project("{8BC9CEB8-8B4A-11D0-8D11-00A0C91BC942}") = "interconnect_codec_test", "interconnect_codec_test.vcxproj", "{3CD18C90-99E0-3344-89FD-474A7BF40960}"
	ProjectSection(ProjectDependencies) = postProject
		{0409147C-4025-3925-A3A3-5DDBB104E7F2} = {0409147C-4025-3925-A3A3-5DDBB104E7F2}
		{45D3C931-F9A6-3AF5-8292-D378DDB5FE08} = {45D3C931-F9A6-3AF5-8292-D378DDB5FE08}
		{D1027622-FB12-36BF-B1BD-0876F86A3E47} = {D1027622-FB12-36BF-B1BD-0876F86A3E47}
		{FC42FB62-D419-31BD-B879-A9F1FACCF3A9} = {FC42FB62-D419-31BD-B879-A9F1FACCF3A9}
	EndProjectSection
EndProject
Project("{8BC9CEB8-8B4A-11D0-8D11-00A0C91BC942}") = "interconnect_config_provider_test", "interconnect_config_provider_test.vcxproj", "{0268033D-643E-3AC6-90BF-2D3E6F36134C}"
	ProjectSection(ProjectDependencies) = postProject
		{0409147C-4025-3925-A3A3-5DDBB104E7F2} = {0409147C-4025-3925-A3A3-5DDBB104E7F2}
		{45D3C931-F9A6-3AF5-8292-D378DDB5FE08} = {45D3C931-F9A6-3AF5-8292-D378DDB5FE08}
		{D1027622-FB12-36BF-B1BD-0876F86A3E47} = {D1027622-FB12-36BF-B1BD-0876F86A3E47}
		{FC42FB62-D419-31BD-B879-A9F1FACCF3A9} = {FC42FB62-D419-31BD-B879-A9F1FACCF3A9}
	EndProjectSection
EndProject
Project("{8BC9CEB8-8B4A-11D0-8D11-00A0C91BC942}") = "interconnect_metrics_delta_test", "interconnect_metrics_delta_test.vcxproj", "{3D35EDD0-C8B7-3875-9FEF-365911DDF680}"
	ProjectSection(ProjectDependencies) = postProject
		{0409147C-4025-3925-A3A3-5DDBB104E7F2} = {0409147C-4025-3925-A3A3-5DDBB104E7F2}
		{45D3C931-F9A6-3AF5-8292-D378DDB5FE08} = {45D3C931-F9A6-3AF5-8292-D378DDB5FE08}
		{D1027622-FB12-36BF-B1BD-0876F86A3E47} = {D1027622-FB12-36BF-B1BD-0876F86A3E47}
		{FC42FB62-D419-31BD-B879-A9F1FACCF3A9} = {FC42FB62-D419-31BD-B879-A9F1FACCF3A9}
	EndProjectSection
EndProject
Project("{8BC9CEB8-8B4A-11D0-8D11-00A0C91BC942}") = "interconnect_router_exception_test", "interconnect_router_exception_test.vcxproj", "{54AF01F2-53BE-3B03-BDE1-45E66040F047}"
	ProjectSection(ProjectDependencies) = postProject
		{0409147C-4025-3925-A3A3-5DDBB104E7F2} = {0409147C-4025-3925-A3A3-5DDBB104E7F2}
		{45D3C931-F9A6-3AF5-8292-D378DDB5FE08} = {45D3C931-F9A6-3AF5-8292-D378DDB5FE08}
		{D1027622-FB12-36BF-B1BD-0876F86A3E47} = {D1027622-FB12-36BF-B1BD-0876F86A3E47}
		{FC42FB62-D419-31BD-B879-A9F1FACCF3A9} = {FC42FB62-D419-31BD-B879-A9F1FACCF3A9}
	EndProjectSection
EndProject
Project("{8BC9CEB8-8B4A-11D0-8D11-00A0C91BC942}") = "interconnect_ttl_test", "interconnect_ttl_test.vcxproj", "{8A90DE82-FDA5-3D5C-A33C-80A8C17CE083}"
	ProjectSection(ProjectDependencies) = postProject
		{0409147C-4025-3925-A3A3-5DDBB104E7F2} = {0409147C-4025-3925-A3A3-5DDBB104E7F2}
		{45D3C931-F9A6-3AF5-8292-D378DDB5FE08} = {45D3C931-F9A6-3AF5-8292-D378DDB5FE08}
		{D1027622-FB12-36BF-B1BD-0876F86A3E47} = {D1027622-FB12-36BF-B1BD-0876F86A3E47}
		{FC42FB62-D419-31BD-B879-A9F1FACCF3A9} = {FC42FB62-D419-31BD-B879-A9F1FACCF3A9}
	EndProjectSection
EndProject
Project("{8BC9CEB8-8B4A-11D0-8D11-00A0C91BC942}") = "logger_format_test", "logger_format_test.vcxproj", "{A9DBAAA4-1893-376D-B379-687C8E63C1E6}"
	ProjectSection(ProjectDependencies) = postProject
		{0409147C-4025-3925-A3A3-5DDBB104E7F2} = {0409147C-4025-3925-A3A3-5DDBB104E7F2}
		{45D3C931-F9A6-3AF5-8292-D378DDB5FE08} = {45D3C931-F9A6-3AF5-8292-D378DDB5FE08}
		{D1027622-FB12-36BF-B1BD-0876F86A3E47} = {D1027622-FB12-36BF-B1BD-0876F86A3E47}
		{FC42FB62-D419-31BD-B879-A9F1FACCF3A9} = {FC42FB62-D419-31BD-B879-A9F1FACCF3A9}
	EndProjectSection
EndProject
Project("{8BC9CEB8-8B4A-11D0-8D11-00A0C91BC942}") = "retry_policy_test", "retry_policy_test.vcxproj", "{542ED792-8A83-38B1-8F44-8B35FF945317}"
	ProjectSection(ProjectDependencies) = postProject
		{0409147C-4025-3925-A3A3-5DDBB104E7F2} = {0409147C-4025-3925-A3A3-5DDBB104E7F2}
		{45D3C931-F9A6-3AF5-8292-D378DDB5FE08} = {45D3C931-F9A6-3AF5-8292-D378DDB5FE08}
		{D1027622-FB12-36BF-B1BD-0876F86A3E47} = {D1027622-FB12-36BF-B1BD-0876F86A3E47}
		{FC42FB62-D419-31BD-B879-A9F1FACCF3A9} = {FC42FB62-D419-31BD-B879-A9F1FACCF3A9}
	EndProjectSection
EndProject
Project("{8BC9CEB8-8B4A-11D0-8D11-00A0C91BC942}") = "thread_pool_test", "thread_pool_test.vcxproj", "{7C09A4B8-1A22-34F7-8CEC-488E5C74C2D2}"
	ProjectSection(ProjectDependencies) = postProject
		{0409147C-4025-3925-A3A3-5DDBB104E7F2} = {0409147C-4025-3925-A3A3-5DDBB104E7F2}
		{45D3C931-F9A6-3AF5-8292-D378DDB5FE08} = {45D3C931-F9A6-3AF5-8292-D378DDB5FE08}
		{D1027622-FB12-36BF-B1BD-0876F86A3E47} = {D1027622-FB12-36BF-B1BD-0876F86A3E47}
		{FC42FB62-D419-31BD-B879-A9F1FACCF3A9} = {FC42FB62-D419-31BD-B879-A9F1FACCF3A9}
	EndProjectSection
EndProject
Project("{8BC9CEB8-8B4A-11D0-8D11-00A0C91BC942}") = "vr_base_framework", "vr_base_framework.vcxproj", "{D1027622-FB12-36BF-B1BD-0876F86A3E47}"
	ProjectSection(ProjectDependencies) = postProject
		{0409147C-4025-3925-A3A3-5DDBB104E7F2} = {0409147C-4025-3925-A3A3-5DDBB104E7F2}
		{45D3C931-F9A6-3AF5-8292-D378DDB5FE08} = {45D3C931-F9A6-3AF5-8292-D378DDB5FE08}
		{FC42FB62-D419-31BD-B879-A9F1FACCF3A9} = {FC42FB62-D419-31BD-B879-A9F1FACCF3A9}
	EndProjectSection
EndProject
Project("{8BC9CEB8-8B4A-11D0-8D11-00A0C91BC942}") = "vr_error_code", "vr_error_code.vcxproj", "{FC42FB62-D419-31BD-B879-A9F1FACCF3A9}"
	ProjectSection(ProjectDependencies) = postProject
		{0409147C-4025-3925-A3A3-5DDBB104E7F2} = {0409147C-4025-3925-A3A3-5DDBB104E7F2}
	EndProjectSection
EndProject
Global
	GlobalSection(SolutionConfigurationPlatforms) = preSolution
		Debug|x64 = Debug|x64
		Release|x64 = Release|x64
		MinSizeRel|x64 = MinSizeRel|x64
		RelWithDebInfo|x64 = RelWithDebInfo|x64
	EndGlobalSection
	GlobalSection(ProjectConfigurationPlatforms) = postSolution
		{0D6FD4BB-1C13-3EB7-93CB-728ECE59A0BA}.Debug|x64.ActiveCfg = Debug|x64
		{0D6FD4BB-1C13-3EB7-93CB-728ECE59A0BA}.Release|x64.ActiveCfg = Release|x64
		{0D6FD4BB-1C13-3EB7-93CB-728ECE59A0BA}.MinSizeRel|x64.ActiveCfg = MinSizeRel|x64
		{0D6FD4BB-1C13-3EB7-93CB-728ECE59A0BA}.RelWithDebInfo|x64.ActiveCfg = RelWithDebInfo|x64
		{C640AD31-2D55-3319-9066-F0BA09F85D98}.Debug|x64.ActiveCfg = Debug|x64
		{C640AD31-2D55-3319-9066-F0BA09F85D98}.Release|x64.ActiveCfg = Release|x64
		{C640AD31-2D55-3319-9066-F0BA09F85D98}.MinSizeRel|x64.ActiveCfg = MinSizeRel|x64
		{C640AD31-2D55-3319-9066-F0BA09F85D98}.RelWithDebInfo|x64.ActiveCfg = RelWithDebInfo|x64
		{0409147C-4025-3925-A3A3-5DDBB104E7F2}.Debug|x64.ActiveCfg = Debug|x64
		{0409147C-4025-3925-A3A3-5DDBB104E7F2}.Debug|x64.Build.0 = Debug|x64
		{0409147C-4025-3925-A3A3-5DDBB104E7F2}.Release|x64.ActiveCfg = Release|x64
		{0409147C-4025-3925-A3A3-5DDBB104E7F2}.Release|x64.Build.0 = Release|x64
		{0409147C-4025-3925-A3A3-5DDBB104E7F2}.MinSizeRel|x64.ActiveCfg = MinSizeRel|x64
		{0409147C-4025-3925-A3A3-5DDBB104E7F2}.MinSizeRel|x64.Build.0 = MinSizeRel|x64
		{0409147C-4025-3925-A3A3-5DDBB104E7F2}.RelWithDebInfo|x64.ActiveCfg = RelWithDebInfo|x64
		{0409147C-4025-3925-A3A3-5DDBB104E7F2}.RelWithDebInfo|x64.Build.0 = RelWithDebInfo|x64
		{45D3C931-F9A6-3AF5-8292-D378DDB5FE08}.Debug|x64.ActiveCfg = Debug|x64
		{45D3C931-F9A6-3AF5-8292-D378DDB5FE08}.Debug|x64.Build.0 = Debug|x64
		{45D3C931-F9A6-3AF5-8292-D378DDB5FE08}.Release|x64.ActiveCfg = Release|x64
		{45D3C931-F9A6-3AF5-8292-D378DDB5FE08}.Release|x64.Build.0 = Release|x64
		{45D3C931-F9A6-3AF5-8292-D378DDB5FE08}.MinSizeRel|x64.ActiveCfg = MinSizeRel|x64
		{45D3C931-F9A6-3AF5-8292-D378DDB5FE08}.MinSizeRel|x64.Build.0 = MinSizeRel|x64
		{45D3C931-F9A6-3AF5-8292-D378DDB5FE08}.RelWithDebInfo|x64.ActiveCfg = RelWithDebInfo|x64
		{45D3C931-F9A6-3AF5-8292-D378DDB5FE08}.RelWithDebInfo|x64.Build.0 = RelWithDebInfo|x64
		{02B8D119-60A9-3570-808B-310D5BEEDFB1}.Debug|x64.ActiveCfg = Debug|x64
		{02B8D119-60A9-3570-808B-310D5BEEDFB1}.Debug|x64.Build.0 = Debug|x64
		{02B8D119-60A9-3570-808B-310D5BEEDFB1}.Release|x64.ActiveCfg = Release|x64
		{02B8D119-60A9-3570-808B-310D5BEEDFB1}.Release|x64.Build.0 = Release|x64
		{02B8D119-60A9-3570-808B-310D5BEEDFB1}.MinSizeRel|x64.ActiveCfg = MinSizeRel|x64
		{02B8D119-60A9-3570-808B-310D5BEEDFB1}.MinSizeRel|x64.Build.0 = MinSizeRel|x64
		{02B8D119-60A9-3570-808B-310D5BEEDFB1}.RelWithDebInfo|x64.ActiveCfg = RelWithDebInfo|x64
		{02B8D119-60A9-3570-808B-310D5BEEDFB1}.RelWithDebInfo|x64.Build.0 = RelWithDebInfo|x64
		{3CD18C90-99E0-3344-89FD-474A7BF40960}.Debug|x64.ActiveCfg = Debug|x64
		{3CD18C90-99E0-3344-89FD-474A7BF40960}.Debug|x64.Build.0 = Debug|x64
		{3CD18C90-99E0-3344-89FD-474A7BF40960}.Release|x64.ActiveCfg = Release|x64
		{3CD18C90-99E0-3344-89FD-474A7BF40960}.Release|x64.Build.0 = Release|x64
		{3CD18C90-99E0-3344-89FD-474A7BF40960}.MinSizeRel|x64.ActiveCfg = MinSizeRel|x64
		{3CD18C90-99E0-3344-89FD-474A7BF40960}.MinSizeRel|x64.Build.0 = MinSizeRel|x64
		{3CD18C90-99E0-3344-89FD-474A7BF40960}.RelWithDebInfo|x64.ActiveCfg = RelWithDebInfo|x64
		{3CD18C90-99E0-3344-89FD-474A7BF40960}.RelWithDebInfo|x64.Build.0 = RelWithDebInfo|x64
		{0268033D-643E-3AC6-90BF-2D3E6F36134C}.Debug|x64.ActiveCfg = Debug|x64
		{0268033D-643E-3AC6-90BF-2D3E6F36134C}.Debug|x64.Build.0 = Debug|x64
		{0268033D-643E-3AC6-90BF-2D3E6F36134C}.Release|x64.ActiveCfg = Release|x64
		{0268033D-643E-3AC6-90BF-2D3E6F36134C}.Release|x64.Build.0 = Release|x64
		{0268033D-643E-3AC6-90BF-2D3E6F36134C}.MinSizeRel|x64.ActiveCfg = MinSizeRel|x64
		{0268033D-643E-3AC6-90BF-2D3E6F36134C}.MinSizeRel|x64.Build.0 = MinSizeRel|x64
		{0268033D-643E-3AC6-90BF-2D3E6F36134C}.RelWithDebInfo|x64.ActiveCfg = RelWithDebInfo|x64
		{0268033D-643E-3AC6-90BF-2D3E6F36134C}.RelWithDebInfo|x64.Build.0 = RelWithDebInfo|x64
		{3D35EDD0-C8B7-3875-9FEF-365911DDF680}.Debug|x64.ActiveCfg = Debug|x64
		{3D35EDD0-C8B7-3875-9FEF-365911DDF680}.Debug|x64.Build.0 = Debug|x64
		{3D35EDD0-C8B7-3875-9FEF-365911DDF680}.Release|x64.ActiveCfg = Release|x64
		{3D35EDD0-C8B7-3875-9FEF-365911DDF680}.Release|x64.Build.0 = Release|x64
		{3D35EDD0-C8B7-3875-9FEF-365911DDF680}.MinSizeRel|x64.ActiveCfg = MinSizeRel|x64
		{3D35EDD0-C8B7-3875-9FEF-365911DDF680}.MinSizeRel|x64.Build.0 = MinSizeRel|x64
		{3D35EDD0-C8B7-3875-9FEF-365911DDF680}.RelWithDebInfo|x64.ActiveCfg = RelWithDebInfo|x64
		{3D35EDD0-C8B7-3875-9FEF-365911DDF680}.RelWithDebInfo|x64.Build.0 = RelWithDebInfo|x64
		{54AF01F2-53BE-3B03-BDE1-45E66040F047}.Debug|x64.ActiveCfg = Debug|x64
		{54AF01F2-53BE-3B03-BDE1-45E66040F047}.Debug|x64.Build.0 = Debug|x64
		{54AF01F2-53BE-3B03-BDE1-45E66040F047}.Release|x64.ActiveCfg = Release|x64
		{54AF01F2-53BE-3B03-BDE1-45E66040F047}.Release|x64.Build.0 = Release|x64
		{54AF01F2-53BE-3B03-BDE1-45E66040F047}.MinSizeRel|x64.ActiveCfg = MinSizeRel|x64
		{54AF01F2-53BE-3B03-BDE1-45E66040F047}.MinSizeRel|x64.Build.0 = MinSizeRel|x64
		{54AF01F2-53BE-3B03-BDE1-45E66040F047}.RelWithDebInfo|x64.ActiveCfg = RelWithDebInfo|x64
		{54AF01F2-53BE-3B03-BDE1-45E66040F047}.RelWithDebInfo|x64.Build.0 = RelWithDebInfo|x64
		{8A90DE82-FDA5-3D5C-A33C-80A8C17CE083}.Debug|x64.ActiveCfg = Debug|x64
		{8A90DE82-FDA5-3D5C-A33C-80A8C17CE083}.Debug|x64.Build.0 = Debug|x64
		{8A90DE82-FDA5-3D5C-A33C-80A8C17CE083}.Release|x64.ActiveCfg = Release|x64
		{8A90DE82-FDA5-3D5C-A33C-80A8C17CE083}.Release|x64.Build.0 = Release|x64
		{8A90DE82-FDA5-3D5C-A33C-80A8C17CE083}.MinSizeRel|x64.ActiveCfg = MinSizeRel|x64
		{8A90DE82-FDA5-3D5C-A33C-80A8C17CE083}.MinSizeRel|x64.Build.0 = MinSizeRel|x64
		{8A90DE82-FDA5-3D5C-A33C-80A8C17CE083}.RelWithDebInfo|x64.ActiveCfg = RelWithDebInfo|x64
		{8A90DE82-FDA5-3D5C-A33C-80A8C17CE083}.RelWithDebInfo|x64.Build.0 = RelWithDebInfo|x64
		{A9DBAAA4-1893-376D-B379-687C8E63C1E6}.Debug|x64.ActiveCfg = Debug|x64
		{A9DBAAA4-1893-376D-B379-687C8E63C1E6}.Debug|x64.Build.0 = Debug|x64
		{A9DBAAA4-1893-376D-B379-687C8E63C1E6}.Release|x64.ActiveCfg = Release|x64
		{A9DBAAA4-1893-376D-B379-687C8E63C1E6}.Release|x64.Build.0 = Release|x64
		{A9DBAAA4-1893-376D-B379-687C8E63C1E6}.MinSizeRel|x64.ActiveCfg = MinSizeRel|x64
		{A9DBAAA4-1893-376D-B379-687C8E63C1E6}.MinSizeRel|x64.Build.0 = MinSizeRel|x64
		{A9DBAAA4-1893-376D-B379-687C8E63C1E6}.RelWithDebInfo|x64.ActiveCfg = RelWithDebInfo|x64
		{A9DBAAA4-1893-376D-B379-687C8E63C1E6}.RelWithDebInfo|x64.Build.0 = RelWithDebInfo|x64
		{542ED792-8A83-38B1-8F44-8B35FF945317}.Debug|x64.ActiveCfg = Debug|x64
		{542ED792-8A83-38B1-8F44-8B35FF945317}.Debug|x64.Build.0 = Debug|x64
		{542ED792-8A83-38B1-8F44-8B35FF945317}.Release|x64.ActiveCfg = Release|x64
		{542ED792-8A83-38B1-8F44-8B35FF945317}.Release|x64.Build.0 = Release|x64
		{542ED792-8A83-38B1-8F44-8B35FF945317}.MinSizeRel|x64.ActiveCfg = MinSizeRel|x64
		{542ED792-8A83-38B1-8F44-8B35FF945317}.MinSizeRel|x64.Build.0 = MinSizeRel|x64
		{542ED792-8A83-38B1-8F44-8B35FF945317}.RelWithDebInfo|x64.ActiveCfg = RelWithDebInfo|x64
		{542ED792-8A83-38B1-8F44-8B35FF945317}.RelWithDebInfo|x64.Build.0 = RelWithDebInfo|x64
		{7C09A4B8-1A22-34F7-8CEC-488E5C74C2D2}.Debug|x64.ActiveCfg = Debug|x64
		{7C09A4B8-1A22-34F7-8CEC-488E5C74C2D2}.Debug|x64.Build.0 = Debug|x64
		{7C09A4B8-1A22-34F7-8CEC-488E5C74C2D2}.Release|x64.ActiveCfg = Release|x64
		{7C09A4B8-1A22-34F7-8CEC-488E5C74C2D2}.Release|x64.Build.0 = Release|x64
		{7C09A4B8-1A22-34F7-8CEC-488E5C74C2D2}.MinSizeRel|x64.ActiveCfg = MinSizeRel|x64
		{7C09A4B8-1A22-34F7-8CEC-488E5C74C2D2}.MinSizeRel|x64.Build.0 = MinSizeRel|x64
		{7C09A4B8-1A22-34F7-8CEC-488E5C74C2D2}.RelWithDebInfo|x64.ActiveCfg = RelWithDebInfo|x64
		{7C09A4B8-1A22-34F7-8CEC-488E5C74C2D2}.RelWithDebInfo|x64.Build.0 = RelWithDebInfo|x64
		{D1027622-FB12-36BF-B1BD-0876F86A3E47}.Debug|x64.ActiveCfg = Debug|x64
		{D1027622-FB12-36BF-B1BD-0876F86A3E47}.Debug|x64.Build.0 = Debug|x64
		{D1027622-FB12-36BF-B1BD-0876F86A3E47}.Release|x64.ActiveCfg = Release|x64
		{D1027622-FB12-36BF-B1BD-0876F86A3E47}.Release|x64.Build.0 = Release|x64
		{D1027622-FB12-36BF-B1BD-0876F86A3E47}.MinSizeRel|x64.ActiveCfg = MinSizeRel|x64
		{D1027622-FB12-36BF-B1BD-0876F86A3E47}.MinSizeRel|x64.Build.0 = MinSizeRel|x64
		{D1027622-FB12-36BF-B1BD-0876F86A3E47}.RelWithDebInfo|x64.ActiveCfg = RelWithDebInfo|x64
		{D1027622-FB12-36BF-B1BD-0876F86A3E47}.RelWithDebInfo|x64.Build.0 = RelWithDebInfo|x64
		{FC42FB62-D419-31BD-B879-A9F1FACCF3A9}.Debug|x64.ActiveCfg = Debug|x64
		{FC42FB62-D419-31BD-B879-A9F1FACCF3A9}.Debug|x64.Build.0 = Debug|x64
		{FC42FB62-D419-31BD-B879-A9F1FACCF3A9}.Release|x64.ActiveCfg = Release|x64
		{FC42FB62-D419-31BD-B879-A9F1FACCF3A9}.Release|x64.Build.0 = Release|x64
		{FC42FB62-D419-31BD-B879-A9F1FACCF3A9}.MinSizeRel|x64.ActiveCfg = MinSizeRel|x64
		{FC42FB62-D419-31BD-B879-A9F1FACCF3A9}.MinSizeRel|x64.Build.0 = MinSizeRel|x64
		{FC42FB62-D419-31BD-B879-A9F1FACCF3A9}.RelWithDebInfo|x64.ActiveCfg = RelWithDebInfo|x64
		{FC42FB62-D419-31BD-B879-A9F1FACCF3A9}.RelWithDebInfo|x64.Build.0 = RelWithDebInfo|x64
	EndGlobalSection
	GlobalSection(ExtensibilityGlobals) = postSolution
		SolutionGuid = {DE1F40F4-2670-35AD-8A2B-1A43D4372215}
	EndGlobalSection
	GlobalSection(ExtensibilityAddIns) = postSolution
	EndGlobalSection
EndGlobal
